
Microsoft Visual Studio Solution File, Format Version 12.00
# Visual Studio Version 17
VisualStudioVersion = 17.0.31919.166
MinimumVisualStudioVersion = 10.0.40219.1
Project("{8BC9CEB8-8B4A-11D0-8D11-00A0C91BC942}") = "day1", "day1\day1.vcxproj", "{6B976137-E4CC-4A0D-8C34-6DA42F41D20D}"
	ProjectSection(ProjectDependencies) = postProject
		{BF5DFCE8-E0D9-4D70-B453-709A97D0B480} = {BF5DFCE8-E0D9-4D70-B453-709A97D0B480}
	EndProjectSection
EndProject
Project("{8BC9CEB8-8B4A-11D0-8D11-00A0C91BC942}") = "input_lib", "input_lib\input_lib.vcxproj", "{BF5DFCE8-E0D9-4D70-B453-709A97D0B480}"
EndProject
Project("{8BC9CEB8-8B4A-11D0-8D11-00A0C91BC942}") = "day2", "day2\day2.vcxproj", "{D4F83E76-589A-41B7-8703-8F6D89A35393}"
EndProject
Project("{8BC9CEB8-8B4A-11D0-8D11-00A0C91BC942}") = "magic_enums", "magic_enums\magic_enums.vcxproj", "{78809448-36AE-41C7-BDCA-37837921A818}"
EndProject
Project("{8BC9CEB8-8B4A-11D0-8D11-00A0C91BC942}") = "day3", "day3\day3.vcxproj", "{E9EABBE0-B402-4CF7-B8E1-D5A95428FE8D}"
EndProject
Project("{8BC9CEB8-8B4A-11D0-8D11-00A0C91BC942}") = "day4", "day4\day4.vcxproj", "{AA53502C-48ED-4F6B-9B40-D358A770C272}"
EndProject
Project("{8BC9CEB8-8B4A-11D0-8D11-00A0C91BC942}") = "day5", "day5\day5.vcxproj", "{3DD170D3-543F-41A9-9E9C-111D61328A98}"
EndProject
Project("{8BC9CEB8-8B4A-11D0-8D11-00A0C91BC942}") = "day6", "day6\day6.vcxproj", "{2A0D778A-4AB5-495B-87FB-42CD16884BC9}"
EndProject
Project("{8BC9CEB8-8B4A-11D0-8D11-00A0C91BC942}") = "day7", "day7\day7.vcxproj", "{D90183BA-27AB-407F-A17D-BD734931A312}"
EndProject
Project("{8BC9CEB8-8B4A-11D0-8D11-00A0C91BC942}") = "day8", "day8\day8.vcxproj", "{F797E71E-6AB0-4E52-AF73-79113F919676}"
EndProject
Project("{8BC9CEB8-8B4A-11D0-8D11-00A0C91BC942}") = "day9", "day9\day9.vcxproj", "{0DA69C47-455A-457D-A363-B40848C484AD}"
EndProject
Project("{8BC9CEB8-8B4A-11D0-8D11-00A0C91BC942}") = "day10", "day10\day10.vcxproj", "{6A60BB9F-8D15-4A32-A2BE-1EFE859432E5}"
EndProject
Project("{8BC9CEB8-8B4A-11D0-8D11-00A0C91BC942}") = "day11", "day11\day11.vcxproj", "{3FFDAD08-31FC-41D5-B5E7-A98E45163DD1}"
EndProject
Project("{8BC9CEB8-8B4A-11D0-8D11-00A0C91BC942}") = "day14", "day14\day14.vcxproj", "{77010C3C-6499-4A4C-B1CD-A55E697C6C66}"
EndProject
Project("{8BC9CEB8-8B4A-11D0-8D11-00A0C91BC942}") = "day13", "day13\day13.vcxproj", "{6163BF85-3E61-4026-978C-C46792F7F922}"
EndProject
Project("{8BC9CEB8-8B4A-11D0-8D11-00A0C91BC942}") = "day17", "day17\day17.vcxproj", "{11BE93E2-0C72-4CC1-BE97-86EB8A92AB15}"
EndProject
Project("{8BC9CEB8-8B4A-11D0-8D11-00A0C91BC942}") = "day16", "day16\day16.vcxproj", "{97648BD5-331B-48EE-B81B-172DE02AC0C7}"
EndProject
Project("{8BC9CEB8-8B4A-11D0-8D11-00A0C91BC942}") = "day18", "day18\day18.vcxproj", "{D8EF3CD4-832F-45FE-8347-2B262A9F4E6C}"
EndProject
Project("{8BC9CEB8-8B4A-11D0-8D11-00A0C91BC942}") = "day19", "day19\day19.vcxproj", "{022983D5-E728-4BBE-BDC1-4080AA40C6CB}"
EndProject
Project("{8BC9CEB8-8B4A-11D0-8D11-00A0C91BC942}") = "day15", "day15\day15.vcxproj", "{0C0A8EC2-915D-4BF4-A68D-EACB49817EF7}"
EndProject
Global
	GlobalSection(SolutionConfigurationPlatforms) = preSolution
		Debug|x64 = Debug|x64
		Debug|x86 = Debug|x86
		Release|x64 = Release|x64
		Release|x86 = Release|x86
	EndGlobalSection
	GlobalSection(ProjectConfigurationPlatforms) = postSolution
		{6B976137-E4CC-4A0D-8C34-6DA42F41D20D}.Debug|x64.ActiveCfg = Debug|x64
		{6B976137-E4CC-4A0D-8C34-6DA42F41D20D}.Debug|x64.Build.0 = Debug|x64
		{6B976137-E4CC-4A0D-8C34-6DA42F41D20D}.Debug|x86.ActiveCfg = Debug|Win32
		{6B976137-E4CC-4A0D-8C34-6DA42F41D20D}.Debug|x86.Build.0 = Debug|Win32
		{6B976137-E4CC-4A0D-8C34-6DA42F41D20D}.Release|x64.ActiveCfg = Release|x64
		{6B976137-E4CC-4A0D-8C34-6DA42F41D20D}.Release|x64.Build.0 = Release|x64
		{6B976137-E4CC-4A0D-8C34-6DA42F41D20D}.Release|x86.ActiveCfg = Release|Win32
		{6B976137-E4CC-4A0D-8C34-6DA42F41D20D}.Release|x86.Build.0 = Release|Win32
		{BF5DFCE8-E0D9-4D70-B453-709A97D0B480}.Debug|x64.ActiveCfg = Debug|x64
		{BF5DFCE8-E0D9-4D70-B453-709A97D0B480}.Debug|x64.Build.0 = Debug|x64
		{BF5DFCE8-E0D9-4D70-B453-709A97D0B480}.Debug|x86.ActiveCfg = Debug|Win32
		{BF5DFCE8-E0D9-4D70-B453-709A97D0B480}.Debug|x86.Build.0 = Debug|Win32
		{BF5DFCE8-E0D9-4D70-B453-709A97D0B480}.Release|x64.ActiveCfg = Release|x64
		{BF5DFCE8-E0D9-4D70-B453-709A97D0B480}.Release|x64.Build.0 = Release|x64
		{BF5DFCE8-E0D9-4D70-B453-709A97D0B480}.Release|x86.ActiveCfg = Release|Win32
		{BF5DFCE8-E0D9-4D70-B453-709A97D0B480}.Release|x86.Build.0 = Release|Win32
		{D4F83E76-589A-41B7-8703-8F6D89A35393}.Debug|x64.ActiveCfg = Debug|x64
		{D4F83E76-589A-41B7-8703-8F6D89A35393}.Debug|x64.Build.0 = Debug|x64
		{D4F83E76-589A-41B7-8703-8F6D89A35393}.Debug|x86.ActiveCfg = Debug|Win32
		{D4F83E76-589A-41B7-8703-8F6D89A35393}.Debug|x86.Build.0 = Debug|Win32
		{D4F83E76-589A-41B7-8703-8F6D89A35393}.Release|x64.ActiveCfg = Release|x64
		{D4F83E76-589A-41B7-8703-8F6D89A35393}.Release|x64.Build.0 = Release|x64
		{D4F83E76-589A-41B7-8703-8F6D89A35393}.Release|x86.ActiveCfg = Release|Win32
		{D4F83E76-589A-41B7-8703-8F6D89A35393}.Release|x86.Build.0 = Release|Win32
		{78809448-36AE-41C7-BDCA-37837921A818}.Debug|x64.ActiveCfg = Debug|x64
		{78809448-36AE-41C7-BDCA-37837921A818}.Debug|x64.Build.0 = Debug|x64
		{78809448-36AE-41C7-BDCA-37837921A818}.Debug|x86.ActiveCfg = Debug|Win32
		{78809448-36AE-41C7-BDCA-37837921A818}.Debug|x86.Build.0 = Debug|Win32
		{78809448-36AE-41C7-BDCA-37837921A818}.Release|x64.ActiveCfg = Release|x64
		{78809448-36AE-41C7-BDCA-37837921A818}.Release|x64.Build.0 = Release|x64
		{78809448-36AE-41C7-BDCA-37837921A818}.Release|x86.ActiveCfg = Release|Win32
		{78809448-36AE-41C7-BDCA-37837921A818}.Release|x86.Build.0 = Release|Win32
		{E9EABBE0-B402-4CF7-B8E1-D5A95428FE8D}.Debug|x64.ActiveCfg = Debug|x64
		{E9EABBE0-B402-4CF7-B8E1-D5A95428FE8D}.Debug|x64.Build.0 = Debug|x64
		{E9EABBE0-B402-4CF7-B8E1-D5A95428FE8D}.Debug|x86.ActiveCfg = Debug|Win32
		{E9EABBE0-B402-4CF7-B8E1-D5A95428FE8D}.Debug|x86.Build.0 = Debug|Win32
		{E9EABBE0-B402-4CF7-B8E1-D5A95428FE8D}.Release|x64.ActiveCfg = Release|x64
		{E9EABBE0-B402-4CF7-B8E1-D5A95428FE8D}.Release|x64.Build.0 = Release|x64
		{E9EABBE0-B402-4CF7-B8E1-D5A95428FE8D}.Release|x86.ActiveCfg = Release|Win32
		{E9EABBE0-B402-4CF7-B8E1-D5A95428FE8D}.Release|x86.Build.0 = Release|Win32
		{AA53502C-48ED-4F6B-9B40-D358A770C272}.Debug|x64.ActiveCfg = Debug|x64
		{AA53502C-48ED-4F6B-9B40-D358A770C272}.Debug|x64.Build.0 = Debug|x64
		{AA53502C-48ED-4F6B-9B40-D358A770C272}.Debug|x86.ActiveCfg = Debug|Win32
		{AA53502C-48ED-4F6B-9B40-D358A770C272}.Debug|x86.Build.0 = Debug|Win32
		{AA53502C-48ED-4F6B-9B40-D358A770C272}.Release|x64.ActiveCfg = Release|x64
		{AA53502C-48ED-4F6B-9B40-D358A770C272}.Release|x64.Build.0 = Release|x64
		{AA53502C-48ED-4F6B-9B40-D358A770C272}.Release|x86.ActiveCfg = Release|Win32
		{AA53502C-48ED-4F6B-9B40-D358A770C272}.Release|x86.Build.0 = Release|Win32
		{3DD170D3-543F-41A9-9E9C-111D61328A98}.Debug|x64.ActiveCfg = Debug|x64
		{3DD170D3-543F-41A9-9E9C-111D61328A98}.Debug|x64.Build.0 = Debug|x64
		{3DD170D3-543F-41A9-9E9C-111D61328A98}.Debug|x86.ActiveCfg = Debug|Win32
		{3DD170D3-543F-41A9-9E9C-111D61328A98}.Debug|x86.Build.0 = Debug|Win32
		{3DD170D3-543F-41A9-9E9C-111D61328A98}.Release|x64.ActiveCfg = Release|x64
		{3DD170D3-543F-41A9-9E9C-111D61328A98}.Release|x64.Build.0 = Release|x64
		{3DD170D3-543F-41A9-9E9C-111D61328A98}.Release|x86.ActiveCfg = Release|Win32
		{3DD170D3-543F-41A9-9E9C-111D61328A98}.Release|x86.Build.0 = Release|Win32
		{2A0D778A-4AB5-495B-87FB-42CD16884BC9}.Debug|x64.ActiveCfg = Debug|x64
		{2A0D778A-4AB5-495B-87FB-42CD16884BC9}.Debug|x64.Build.0 = Debug|x64
		{2A0D778A-4AB5-495B-87FB-42CD16884BC9}.Debug|x86.ActiveCfg = Debug|Win32
		{2A0D778A-4AB5-495B-87FB-42CD16884BC9}.Debug|x86.Build.0 = Debug|Win32
		{2A0D778A-4AB5-495B-87FB-42CD16884BC9}.Release|x64.ActiveCfg = Release|x64
		{2A0D778A-4AB5-495B-87FB-42CD16884BC9}.Release|x64.Build.0 = Release|x64
		{2A0D778A-4AB5-495B-87FB-42CD16884BC9}.Release|x86.ActiveCfg = Release|Win32
		{2A0D778A-4AB5-495B-87FB-42CD16884BC9}.Release|x86.Build.0 = Release|Win32
		{D90183BA-27AB-407F-A17D-BD734931A312}.Debug|x64.ActiveCfg = Debug|x64
		{D90183BA-27AB-407F-A17D-BD734931A312}.Debug|x64.Build.0 = Debug|x64
		{D90183BA-27AB-407F-A17D-BD734931A312}.Debug|x86.ActiveCfg = Debug|Win32
		{D90183BA-27AB-407F-A17D-BD734931A312}.Debug|x86.Build.0 = Debug|Win32
		{D90183BA-27AB-407F-A17D-BD734931A312}.Release|x64.ActiveCfg = Release|x64
		{D90183BA-27AB-407F-A17D-BD734931A312}.Release|x64.Build.0 = Release|x64
		{D90183BA-27AB-407F-A17D-BD734931A312}.Release|x86.ActiveCfg = Release|Win32
		{D90183BA-27AB-407F-A17D-BD734931A312}.Release|x86.Build.0 = Release|Win32
		{F797E71E-6AB0-4E52-AF73-79113F919676}.Debug|x64.ActiveCfg = Debug|x64
		{F797E71E-6AB0-4E52-AF73-79113F919676}.Debug|x64.Build.0 = Debug|x64
		{F797E71E-6AB0-4E52-AF73-79113F919676}.Debug|x86.ActiveCfg = Debug|Win32
		{F797E71E-6AB0-4E52-AF73-79113F919676}.Debug|x86.Build.0 = Debug|Win32
		{F797E71E-6AB0-4E52-AF73-79113F919676}.Release|x64.ActiveCfg = Release|x64
		{F797E71E-6AB0-4E52-AF73-79113F919676}.Release|x64.Build.0 = Release|x64
		{F797E71E-6AB0-4E52-AF73-79113F919676}.Release|x86.ActiveCfg = Release|Win32
		{F797E71E-6AB0-4E52-AF73-79113F919676}.Release|x86.Build.0 = Release|Win32
		{0DA69C47-455A-457D-A363-B40848C484AD}.Debug|x64.ActiveCfg = Debug|x64
		{0DA69C47-455A-457D-A363-B40848C484AD}.Debug|x64.Build.0 = Debug|x64
		{0DA69C47-455A-457D-A363-B40848C484AD}.Debug|x86.ActiveCfg = Debug|Win32
		{0DA69C47-455A-457D-A363-B40848C484AD}.Debug|x86.Build.0 = Debug|Win32
		{0DA69C47-455A-457D-A363-B40848C484AD}.Release|x64.ActiveCfg = Release|x64
		{0DA69C47-455A-457D-A363-B40848C484AD}.Release|x64.Build.0 = Release|x64
		{0DA69C47-455A-457D-A363-B40848C484AD}.Release|x86.ActiveCfg = Release|Win32
		{0DA69C47-455A-457D-A363-B40848C484AD}.Release|x86.Build.0 = Release|Win32
		{6A60BB9F-8D15-4A32-A2BE-1EFE859432E5}.Debug|x64.ActiveCfg = Debug|x64
		{6A60BB9F-8D15-4A32-A2BE-1EFE859432E5}.Debug|x64.Build.0 = Debug|x64
		{6A60BB9F-8D15-4A32-A2BE-1EFE859432E5}.Debug|x86.ActiveCfg = Debug|Win32
		{6A60BB9F-8D15-4A32-A2BE-1EFE859432E5}.Debug|x86.Build.0 = Debug|Win32
		{6A60BB9F-8D15-4A32-A2BE-1EFE859432E5}.Release|x64.ActiveCfg = Release|x64
		{6A60BB9F-8D15-4A32-A2BE-1EFE859432E5}.Release|x64.Build.0 = Release|x64
		{6A60BB9F-8D15-4A32-A2BE-1EFE859432E5}.Release|x86.ActiveCfg = Release|Win32
		{6A60BB9F-8D15-4A32-A2BE-1EFE859432E5}.Release|x86.Build.0 = Release|Win32
		{3FFDAD08-31FC-41D5-B5E7-A98E45163DD1}.Debug|x64.ActiveCfg = Debug|x64
		{3FFDAD08-31FC-41D5-B5E7-A98E45163DD1}.Debug|x64.Build.0 = Debug|x64
		{3FFDAD08-31FC-41D5-B5E7-A98E45163DD1}.Debug|x86.ActiveCfg = Debug|Win32
		{3FFDAD08-31FC-41D5-B5E7-A98E45163DD1}.Debug|x86.Build.0 = Debug|Win32
		{3FFDAD08-31FC-41D5-B5E7-A98E45163DD1}.Release|x64.ActiveCfg = Release|x64
		{3FFDAD08-31FC-41D5-B5E7-A98E45163DD1}.Release|x64.Build.0 = Release|x64
		{3FFDAD08-31FC-41D5-B5E7-A98E45163DD1}.Release|x86.ActiveCfg = Release|Win32
		{3FFDAD08-31FC-41D5-B5E7-A98E45163DD1}.Release|x86.Build.0 = Release|Win32
		{77010C3C-6499-4A4C-B1CD-A55E697C6C66}.Debug|x64.ActiveCfg = Debug|x64
		{77010C3C-6499-4A4C-B1CD-A55E697C6C66}.Debug|x64.Build.0 = Debug|x64
		{77010C3C-6499-4A4C-B1CD-A55E697C6C66}.Debug|x86.ActiveCfg = Debug|Win32
		{77010C3C-6499-4A4C-B1CD-A55E697C6C66}.Debug|x86.Build.0 = Debug|Win32
		{77010C3C-6499-4A4C-B1CD-A55E697C6C66}.Release|x64.ActiveCfg = Release|x64
		{77010C3C-6499-4A4C-B1CD-A55E697C6C66}.Release|x64.Build.0 = Release|x64
		{77010C3C-6499-4A4C-B1CD-A55E697C6C66}.Release|x86.ActiveCfg = Release|Win32
		{77010C3C-6499-4A4C-B1CD-A55E697C6C66}.Release|x86.Build.0 = Release|Win32
		{6163BF85-3E61-4026-978C-C46792F7F922}.Debug|x64.ActiveCfg = Debug|x64
		{6163BF85-3E61-4026-978C-C46792F7F922}.Debug|x64.Build.0 = Debug|x64
		{6163BF85-3E61-4026-978C-C46792F7F922}.Debug|x86.ActiveCfg = Debug|Win32
		{6163BF85-3E61-4026-978C-C46792F7F922}.Debug|x86.Build.0 = Debug|Win32
		{6163BF85-3E61-4026-978C-C46792F7F922}.Release|x64.ActiveCfg = Release|x64
		{6163BF85-3E61-4026-978C-C46792F7F922}.Release|x64.Build.0 = Release|x64
		{6163BF85-3E61-4026-978C-C46792F7F922}.Release|x86.ActiveCfg = Release|Win32
		{6163BF85-3E61-4026-978C-C46792F7F922}.Release|x86.Build.0 = Release|Win32
		{11BE93E2-0C72-4CC1-BE97-86EB8A92AB15}.Debug|x64.ActiveCfg = Debug|x64
		{11BE93E2-0C72-4CC1-BE97-86EB8A92AB15}.Debug|x64.Build.0 = Debug|x64
		{11BE93E2-0C72-4CC1-BE97-86EB8A92AB15}.Debug|x86.ActiveCfg = Debug|Win32
		{11BE93E2-0C72-4CC1-BE97-86EB8A92AB15}.Debug|x86.Build.0 = Debug|Win32
		{11BE93E2-0C72-4CC1-BE97-86EB8A92AB15}.Release|x64.ActiveCfg = Release|x64
		{11BE93E2-0C72-4CC1-BE97-86EB8A92AB15}.Release|x64.Build.0 = Release|x64
		{11BE93E2-0C72-4CC1-BE97-86EB8A92AB15}.Release|x86.ActiveCfg = Release|Win32
		{11BE93E2-0C72-4CC1-BE97-86EB8A92AB15}.Release|x86.Build.0 = Release|Win32
		{97648BD5-331B-48EE-B81B-172DE02AC0C7}.Debug|x64.ActiveCfg = Debug|x64
		{97648BD5-331B-48EE-B81B-172DE02AC0C7}.Debug|x64.Build.0 = Debug|x64
		{97648BD5-331B-48EE-B81B-172DE02AC0C7}.Debug|x86.ActiveCfg = Debug|Win32
		{97648BD5-331B-48EE-B81B-172DE02AC0C7}.Debug|x86.Build.0 = Debug|Win32
		{97648BD5-331B-48EE-B81B-172DE02AC0C7}.Release|x64.ActiveCfg = Release|x64
		{97648BD5-331B-48EE-B81B-172DE02AC0C7}.Release|x64.Build.0 = Release|x64
		{97648BD5-331B-48EE-B81B-172DE02AC0C7}.Release|x86.ActiveCfg = Release|Win32
		{97648BD5-331B-48EE-B81B-172DE02AC0C7}.Release|x86.Build.0 = Release|Win32
		{D8EF3CD4-832F-45FE-8347-2B262A9F4E6C}.Debug|x64.ActiveCfg = Debug|x64
		{D8EF3CD4-832F-45FE-8347-2B262A9F4E6C}.Debug|x64.Build.0 = Debug|x64
		{D8EF3CD4-832F-45FE-8347-2B262A9F4E6C}.Debug|x86.ActiveCfg = Debug|Win32
		{D8EF3CD4-832F-45FE-8347-2B262A9F4E6C}.Debug|x86.Build.0 = Debug|Win32
		{D8EF3CD4-832F-45FE-8347-2B262A9F4E6C}.Release|x64.ActiveCfg = Release|x64
		{D8EF3CD4-832F-45FE-8347-2B262A9F4E6C}.Release|x64.Build.0 = Release|x64
		{D8EF3CD4-832F-45FE-8347-2B262A9F4E6C}.Release|x86.ActiveCfg = Release|Win32
		{D8EF3CD4-832F-45FE-8347-2B262A9F4E6C}.Release|x86.Build.0 = Release|Win32
		{022983D5-E728-4BBE-BDC1-4080AA40C6CB}.Debug|x64.ActiveCfg = Debug|x64
		{022983D5-E728-4BBE-BDC1-4080AA40C6CB}.Debug|x64.Build.0 = Debug|x64
		{022983D5-E728-4BBE-BDC1-4080AA40C6CB}.Debug|x86.ActiveCfg = Debug|Win32
		{022983D5-E728-4BBE-BDC1-4080AA40C6CB}.Debug|x86.Build.0 = Debug|Win32
		{022983D5-E728-4BBE-BDC1-4080AA40C6CB}.Release|x64.ActiveCfg = Release|x64
		{022983D5-E728-4BBE-BDC1-4080AA40C6CB}.Release|x64.Build.0 = Release|x64
		{022983D5-E728-4BBE-BDC1-4080AA40C6CB}.Release|x86.ActiveCfg = Release|Win32
		{022983D5-E728-4BBE-BDC1-4080AA40C6CB}.Release|x86.Build.0 = Release|Win32
		{0C0A8EC2-915D-4BF4-A68D-EACB49817EF7}.Debug|x64.ActiveCfg = Debug|x64
		{0C0A8EC2-915D-4BF4-A68D-EACB49817EF7}.Debug|x64.Build.0 = Debug|x64
		{0C0A8EC2-915D-4BF4-A68D-EACB49817EF7}.Debug|x86.ActiveCfg = Debug|Win32
		{0C0A8EC2-915D-4BF4-A68D-EACB49817EF7}.Debug|x86.Build.0 = Debug|Win32
		{0C0A8EC2-915D-4BF4-A68D-EACB49817EF7}.Release|x64.ActiveCfg = Release|x64
		{0C0A8EC2-915D-4BF4-A68D-EACB49817EF7}.Release|x64.Build.0 = Release|x64
		{0C0A8EC2-915D-4BF4-A68D-EACB49817EF7}.Release|x86.ActiveCfg = Release|Win32
		{0C0A8EC2-915D-4BF4-A68D-EACB49817EF7}.Release|x86.Build.0 = Release|Win32
	EndGlobalSection
	GlobalSection(SolutionProperties) = preSolution
		HideSolutionNode = FALSE
	EndGlobalSection
	GlobalSection(ExtensibilityGlobals) = postSolution
		SolutionGuid = {0C9D27A8-2E84-4903-8E52-9E2EC0881CA6}
	EndGlobalSection
EndGlobal
